// !$*UTF8*$!
{
	archiveVersion = 1;
	classes = {
	};
	objectVersion = 46;
	objects = {

/* Begin PBXBuildFile section */
		A43A37981CAF6292005D759B /* ViewControllerRegisterUser.swift in Sources */ = {isa = PBXBuildFile; fileRef = A43A37971CAF6292005D759B /* ViewControllerRegisterUser.swift */; };
		A43A379A1CAF7060005D759B /* ViewControllerHowOftenDoYouUse.swift in Sources */ = {isa = PBXBuildFile; fileRef = A43A37991CAF7060005D759B /* ViewControllerHowOftenDoYouUse.swift */; };
		A4F302AC1CAF806600B5C3B9 /* ViewControllerIWantIt.swift in Sources */ = {isa = PBXBuildFile; fileRef = A4F302AB1CAF806600B5C3B9 /* ViewControllerIWantIt.swift */; };
		F639C3E21CAF586600EAA5FE /* AppDelegate.swift in Sources */ = {isa = PBXBuildFile; fileRef = F639C3E11CAF586600EAA5FE /* AppDelegate.swift */; };
		F639C3E41CAF586600EAA5FE /* ViewController.swift in Sources */ = {isa = PBXBuildFile; fileRef = F639C3E31CAF586600EAA5FE /* ViewController.swift */; };
		F639C3E71CAF586600EAA5FE /* Main.storyboard in Resources */ = {isa = PBXBuildFile; fileRef = F639C3E51CAF586600EAA5FE /* Main.storyboard */; };
		F639C3E91CAF586600EAA5FE /* Assets.xcassets in Resources */ = {isa = PBXBuildFile; fileRef = F639C3E81CAF586600EAA5FE /* Assets.xcassets */; };
		F639C3EC1CAF586600EAA5FE /* LaunchScreen.storyboard in Resources */ = {isa = PBXBuildFile; fileRef = F639C3EA1CAF586600EAA5FE /* LaunchScreen.storyboard */; };
		F639C3F81CAF5F0300EAA5FE /* ViewControllerWhatIsYourAddiction.swift in Sources */ = {isa = PBXBuildFile; fileRef = F639C3F71CAF5F0300EAA5FE /* ViewControllerWhatIsYourAddiction.swift */; };
		F6621FB81CAF895000E1E167 /* ViewControllerSuggestion.swift in Sources */ = {isa = PBXBuildFile; fileRef = F6621FB71CAF895000E1E167 /* ViewControllerSuggestion.swift */; };
		F6BA16C61CB03CED00835276 /* ViewControllerRelapse.swift in Sources */ = {isa = PBXBuildFile; fileRef = F6BA16C51CB03CED00835276 /* ViewControllerRelapse.swift */; };
/* End PBXBuildFile section */

/* Begin PBXFileReference section */
		A43A37971CAF6292005D759B /* ViewControllerRegisterUser.swift */ = {isa = PBXFileReference; fileEncoding = 4; lastKnownFileType = sourcecode.swift; name = ViewControllerRegisterUser.swift; path = ../ViewControllerRegisterUser.swift; sourceTree = "<group>"; };
		A43A37991CAF7060005D759B /* ViewControllerHowOftenDoYouUse.swift */ = {isa = PBXFileReference; fileEncoding = 4; lastKnownFileType = sourcecode.swift; name = ViewControllerHowOftenDoYouUse.swift; path = ../ViewControllerHowOftenDoYouUse.swift; sourceTree = "<group>"; };
		A4F302AB1CAF806600B5C3B9 /* ViewControllerIWantIt.swift */ = {isa = PBXFileReference; fileEncoding = 4; lastKnownFileType = sourcecode.swift; path = ViewControllerIWantIt.swift; sourceTree = "<group>"; };
		F639C3DE1CAF586600EAA5FE /* Quitdiction.app */ = {isa = PBXFileReference; explicitFileType = wrapper.application; includeInIndex = 0; path = Quitdiction.app; sourceTree = BUILT_PRODUCTS_DIR; };
		F639C3E11CAF586600EAA5FE /* AppDelegate.swift */ = {isa = PBXFileReference; lastKnownFileType = sourcecode.swift; path = AppDelegate.swift; sourceTree = "<group>"; };
		F639C3E31CAF586600EAA5FE /* ViewController.swift */ = {isa = PBXFileReference; lastKnownFileType = sourcecode.swift; path = ViewController.swift; sourceTree = "<group>"; };
		F639C3E61CAF586600EAA5FE /* Base */ = {isa = PBXFileReference; lastKnownFileType = file.storyboard; name = Base; path = Base.lproj/Main.storyboard; sourceTree = "<group>"; };
		F639C3E81CAF586600EAA5FE /* Assets.xcassets */ = {isa = PBXFileReference; lastKnownFileType = folder.assetcatalog; path = Assets.xcassets; sourceTree = "<group>"; };
		F639C3EB1CAF586600EAA5FE /* Base */ = {isa = PBXFileReference; lastKnownFileType = file.storyboard; name = Base; path = Base.lproj/LaunchScreen.storyboard; sourceTree = "<group>"; };
		F639C3ED1CAF586600EAA5FE /* Info.plist */ = {isa = PBXFileReference; lastKnownFileType = text.plist.xml; path = Info.plist; sourceTree = "<group>"; };
		F639C3F71CAF5F0300EAA5FE /* ViewControllerWhatIsYourAddiction.swift */ = {isa = PBXFileReference; fileEncoding = 4; lastKnownFileType = sourcecode.swift; name = ViewControllerWhatIsYourAddiction.swift; path = ../ViewControllerWhatIsYourAddiction.swift; sourceTree = "<group>"; };
		F6621FB71CAF895000E1E167 /* ViewControllerSuggestion.swift */ = {isa = PBXFileReference; fileEncoding = 4; lastKnownFileType = sourcecode.swift; path = ViewControllerSuggestion.swift; sourceTree = "<group>"; };
		F6BA16C51CB03CED00835276 /* ViewControllerRelapse.swift */ = {isa = PBXFileReference; fileEncoding = 4; lastKnownFileType = sourcecode.swift; path = ViewControllerRelapse.swift; sourceTree = "<group>"; };
/* End PBXFileReference section */

/* Begin PBXFrameworksBuildPhase section */
		F639C3DB1CAF586600EAA5FE /* Frameworks */ = {
			isa = PBXFrameworksBuildPhase;
			buildActionMask = 2147483647;
			files = (
			);
			runOnlyForDeploymentPostprocessing = 0;
		};
/* End PBXFrameworksBuildPhase section */

/* Begin PBXGroup section */
		F639C3D51CAF586600EAA5FE = {
			isa = PBXGroup;
			children = (
				F639C3E01CAF586600EAA5FE /* Quitdiction */,
				F639C3DF1CAF586600EAA5FE /* Products */,
			);
			sourceTree = "<group>";
		};
		F639C3DF1CAF586600EAA5FE /* Products */ = {
			isa = PBXGroup;
			children = (
				F639C3DE1CAF586600EAA5FE /* Quitdiction.app */,
			);
			name = Products;
			sourceTree = "<group>";
		};
		F639C3E01CAF586600EAA5FE /* Quitdiction */ = {
			isa = PBXGroup;
			children = (
				F639C3E11CAF586600EAA5FE /* AppDelegate.swift */,
				A43A37991CAF7060005D759B /* ViewControllerHowOftenDoYouUse.swift */,
				F639C3F71CAF5F0300EAA5FE /* ViewControllerWhatIsYourAddiction.swift */,
				A43A37971CAF6292005D759B /* ViewControllerRegisterUser.swift */,
				F6621FB71CAF895000E1E167 /* ViewControllerSuggestion.swift */,
				F639C3E31CAF586600EAA5FE /* ViewController.swift */,
				A4F302AB1CAF806600B5C3B9 /* ViewControllerIWantIt.swift */,
				F639C3E51CAF586600EAA5FE /* Main.storyboard */,
				F639C3E81CAF586600EAA5FE /* Assets.xcassets */,
				F639C3EA1CAF586600EAA5FE /* LaunchScreen.storyboard */,
				F639C3ED1CAF586600EAA5FE /* Info.plist */,
				F6BA16C51CB03CED00835276 /* ViewControllerRelapse.swift */,
			);
			path = Quitdiction;
			sourceTree = "<group>";
		};
/* End PBXGroup section */

/* Begin PBXNativeTarget section */
		F639C3DD1CAF586600EAA5FE /* Quitdiction */ = {
			isa = PBXNativeTarget;
			buildConfigurationList = F639C3F01CAF586600EAA5FE /* Build configuration list for PBXNativeTarget "Quitdiction" */;
			buildPhases = (
				F639C3DA1CAF586600EAA5FE /* Sources */,
				F639C3DB1CAF586600EAA5FE /* Frameworks */,
				F639C3DC1CAF586600EAA5FE /* Resources */,
			);
			buildRules = (
			);
			dependencies = (
			);
			name = Quitdiction;
			productName = Quitdiction;
			productReference = F639C3DE1CAF586600EAA5FE /* Quitdiction.app */;
			productType = "com.apple.product-type.application";
		};
/* End PBXNativeTarget section */

/* Begin PBXProject section */
		F639C3D61CAF586600EAA5FE /* Project object */ = {
			isa = PBXProject;
			attributes = {
				LastSwiftUpdateCheck = 0730;
				LastUpgradeCheck = 0730;
				ORGANIZATIONNAME = "David Faliskie";
				TargetAttributes = {
					F639C3DD1CAF586600EAA5FE = {
						CreatedOnToolsVersion = 7.3;
					};
				};
			};
			buildConfigurationList = F639C3D91CAF586600EAA5FE /* Build configuration list for PBXProject "Quitdiction" */;
			compatibilityVersion = "Xcode 3.2";
			developmentRegion = English;
			hasScannedForEncodings = 0;
			knownRegions = (
				en,
				Base,
			);
			mainGroup = F639C3D51CAF586600EAA5FE;
			productRefGroup = F639C3DF1CAF586600EAA5FE /* Products */;
			projectDirPath = "";
			projectRoot = "";
			targets = (
				F639C3DD1CAF586600EAA5FE /* Quitdiction */,
			);
		};
/* End PBXProject section */

/* Begin PBXResourcesBuildPhase section */
		F639C3DC1CAF586600EAA5FE /* Resources */ = {
			isa = PBXResourcesBuildPhase;
			buildActionMask = 2147483647;
			files = (
				F639C3EC1CAF586600EAA5FE /* LaunchScreen.storyboard in Resources */,
				F639C3E91CAF586600EAA5FE /* Assets.xcassets in Resources */,
				F639C3E71CAF586600EAA5FE /* Main.storyboard in Resources */,
			);
			runOnlyForDeploymentPostprocessing = 0;
		};
/* End PBXResourcesBuildPhase section */

/* Begin PBXSourcesBuildPhase section */
		F639C3DA1CAF586600EAA5FE /* Sources */ = {
			isa = PBXSourcesBuildPhase;
			buildActionMask = 2147483647;
			files = (
				A43A37981CAF6292005D759B /* ViewControllerRegisterUser.swift in Sources */,
				F6BA16C61CB03CED00835276 /* ViewControllerRelapse.swift in Sources */,
				F639C3E41CAF586600EAA5FE /* ViewController.swift in Sources */,
				F6621FB81CAF895000E1E167 /* ViewControllerSuggestion.swift in Sources */,
				F639C3E21CAF586600EAA5FE /* AppDelegate.swift in Sources */,
				A4F302AC1CAF806600B5C3B9 /* ViewControllerIWantIt.swift in Sources */,
				F639C3F81CAF5F0300EAA5FE /* ViewControllerWhatIsYourAddiction.swift in Sources */,
				A43A379A1CAF7060005D759B /* ViewControllerHowOftenDoYouUse.swift in Sources */,
			);
			runOnlyForDeploymentPostprocessing = 0;
		};
/* End PBXSourcesBuildPhase section */

/* Begin PBXVariantGroup section */
		F639C3E51CAF586600EAA5FE /* Main.storyboard */ = {
			isa = PBXVariantGroup;
			children = (
				F639C3E61CAF586600EAA5FE /* Base */,
			);
			name = Main.storyboard;
			sourceTree = "<group>";
		};
		F639C3EA1CAF586600EAA5FE /* LaunchScreen.storyboard */ = {
			isa = PBXVariantGroup;
			children = (
				F639C3EB1CAF586600EAA5FE /* Base */,
			);
			name = LaunchScreen.storyboard;
			sourceTree = "<group>";
		};
/* End PBXVariantGroup section */

/* Begin XCBuildConfiguration section */
		F639C3EE1CAF586600EAA5FE /* Debug */ = {
			isa = XCBuildConfiguration;
			buildSettings = {
				ALWAYS_SEARCH_USER_PATHS = NO;
				CLANG_ANALYZER_NONNULL = YES;
				CLANG_CXX_LANGUAGE_STANDARD = "gnu++0x";
				CLANG_CXX_LIBRARY = "libc++";
				CLANG_ENABLE_MODULES = YES;
				CLANG_ENABLE_OBJC_ARC = YES;
				CLANG_WARN_BOOL_CONVERSION = YES;
				CLANG_WARN_CONSTANT_CONVERSION = YES;
				CLANG_WARN_DIRECT_OBJC_ISA_USAGE = YES_ERROR;
				CLANG_WARN_EMPTY_BODY = YES;
				CLANG_WARN_ENUM_CONVERSION = YES;
				CLANG_WARN_INT_CONVERSION = YES;
				CLANG_WARN_OBJC_ROOT_CLASS = YES_ERROR;
				CLANG_WARN_UNREACHABLE_CODE = YES;
				CLANG_WARN__DUPLICATE_METHOD_MATCH = YES;
				"CODE_SIGN_IDENTITY[sdk=iphoneos*]" = "iPhone Developer";
				COPY_PHASE_STRIP = NO;
				DEBUG_INFORMATION_FORMAT = dwarf;
				ENABLE_STRICT_OBJC_MSGSEND = YES;
				ENABLE_TESTABILITY = YES;
				GCC_C_LANGUAGE_STANDARD = gnu99;
				GCC_DYNAMIC_NO_PIC = NO;
				GCC_NO_COMMON_BLOCKS = YES;
				GCC_OPTIMIZATION_LEVEL = 0;
				GCC_PREPROCESSOR_DEFINITIONS = (
					"DEBUG=1",
					"$(inherited)",
				);
				GCC_WARN_64_TO_32_BIT_CONVERSION = YES;
				GCC_WARN_ABOUT_RETURN_TYPE = YES_ERROR;
				GCC_WARN_UNDECLARED_SELECTOR = YES;
				GCC_WARN_UNINITIALIZED_AUTOS = YES_AGGRESSIVE;
				GCC_WARN_UNUSED_FUNCTION = YES;
				GCC_WARN_UNUSED_VARIABLE = YES;
				IPHONEOS_DEPLOYMENT_TARGET = 9.3;
				MTL_ENABLE_DEBUG_INFO = YES;
				ONLY_ACTIVE_ARCH = YES;
				SDKROOT = iphoneos;
				SWIFT_OPTIMIZATION_LEVEL = "-Onone";
			};
			name = Debug;
		};
		F639C3EF1CAF586600EAA5FE /* Release */ = {
			isa = XCBuildConfiguration;
			buildSettings = {
				ALWAYS_SEARCH_USER_PATHS = NO;
				CLANG_ANALYZER_NONNULL = YES;
				CLANG_CXX_LANGUAGE_STANDARD = "gnu++0x";
				CLANG_CXX_LIBRARY = "libc++";
				CLANG_ENABLE_MODULES = YES;
				CLANG_ENABLE_OBJC_ARC = YES;
				CLANG_WARN_BOOL_CONVERSION = YES;
				CLANG_WARN_CONSTANT_CONVERSION = YES;
				CLANG_WARN_DIRECT_OBJC_ISA_USAGE = YES_ERROR;
				CLANG_WARN_EMPTY_BODY = YES;
				CLANG_WARN_ENUM_CONVERSION = YES;
				CLANG_WARN_INT_CONVERSION = YES;
				CLANG_WARN_OBJC_ROOT_CLASS = YES_ERROR;
				CLANG_WARN_UNREACHABLE_CODE = YES;
				CLANG_WARN__DUPLICATE_METHOD_MATCH = YES;
				"CODE_SIGN_IDENTITY[sdk=iphoneos*]" = "iPhone Developer";
				COPY_PHASE_STRIP = NO;
				DEBUG_INFORMATION_FORMAT = "dwarf-with-dsym";
				ENABLE_NS_ASSERTIONS = NO;
				ENABLE_STRICT_OBJC_MSGSEND = YES;
				GCC_C_LANGUAGE_STANDARD = gnu99;
				GCC_NO_COMMON_BLOCKS = YES;
				GCC_WARN_64_TO_32_BIT_CONVERSION = YES;
				GCC_WARN_ABOUT_RETURN_TYPE = YES_ERROR;
				GCC_WARN_UNDECLARED_SELECTOR = YES;
				GCC_WARN_UNINITIALIZED_AUTOS = YES_AGGRESSIVE;
				GCC_WARN_UNUSED_FUNCTION = YES;
				GCC_WARN_UNUSED_VARIABLE = YES;
				IPHONEOS_DEPLOYMENT_TARGET = 9.3;
				MTL_ENABLE_DEBUG_INFO = NO;
				SDKROOT = iphoneos;
				VALIDATE_PRODUCT = YES;
			};
			name = Release;
		};
		F639C3F11CAF586600EAA5FE /* Debug */ = {
			isa = XCBuildConfiguration;
			buildSettings = {
				ASSETCATALOG_COMPILER_APPICON_NAME = AppIcon;
				INFOPLIST_FILE = Quitdiction/Info.plist;
				LD_RUNPATH_SEARCH_PATHS = "$(inherited) @executable_path/Frameworks";
				PRODUCT_BUNDLE_IDENTIFIER = com.davefaliskie.Quitdiction;
				PRODUCT_NAME = "$(TARGET_NAME)";
			};
			name = Debug;
		};
		F639C3F21CAF586600EAA5FE /* Release */ = {
			isa = XCBuildConfiguration;
			buildSettings = {
				ASSETCATALOG_COMPILER_APPICON_NAME = AppIcon;
				INFOPLIST_FILE = Quitdiction/Info.plist;
				LD_RUNPATH_SEARCH_PATHS = "$(inherited) @executable_path/Frameworks";
				PRODUCT_BUNDLE_IDENTIFIER = com.davefaliskie.Quitdiction;
				PRODUCT_NAME = "$(TARGET_NAME)";
			};
			name = Release;
		};
/* End XCBuildConfiguration section */

/* Begin XCConfigurationList section */
		F639C3D91CAF586600EAA5FE /* Build configuration list for PBXProject "Quitdiction" */ = {
			isa = XCConfigurationList;
			buildConfigurations = (
				F639C3EE1CAF586600EAA5FE /* Debug */,
				F639C3EF1CAF586600EAA5FE /* Release */,
			);
			defaultConfigurationIsVisible = 0;
			defaultConfigurationName = Release;
		};
		F639C3F01CAF586600EAA5FE /* Build configuration list for PBXNativeTarget "Quitdiction" */ = {
			isa = XCConfigurationList;
			buildConfigurations = (
				F639C3F11CAF586600EAA5FE /* Debug */,
				F639C3F21CAF586600EAA5FE /* Release */,
			);
			defaultConfigurationIsVisible = 0;
			defaultConfigurationName = Release;
		};
/* End XCConfigurationList section */
	};
	rootObject = F639C3D61CAF586600EAA5FE /* Project object */;
}
